
Microsoft Visual Studio Solution File, Format Version 12.00
# Visual Studio 2012
Project("{FAE04EC0-301F-11D3-BF4B-00C04F79EFBC}") = "PCrypt", "PCrypt\PCrypt.csproj", "{4351D2E2-A4A7-4797-BE52-FE085D1F2F41}"
EndProject
Global
	GlobalSection(SolutionConfigurationPlatforms) = preSolution
		Debug|Any CPU = Debug|Any CPU
		Release|Any CPU = Release|Any CPU
	EndGlobalSection
	GlobalSection(ProjectConfigurationPlatforms) = postSolution
		{4351D2E2-A4A7-4797-BE52-FE085D1F2F41}.Debug|Any CPU.ActiveCfg = Debug|Any CPU
		{4351D2E2-A4A7-4797-BE52-FE085D1F2F41}.Debug|Any CPU.Build.0 = Debug|Any CPU
		{4351D2E2-A4A7-4797-BE52-FE085D1F2F41}.Release|Any CPU.ActiveCfg = Release|Any CPU
		{4351D2E2-A4A7-4797-BE52-FE085D1F2F41}.Release|Any CPU.Build.0 = Release|Any CPU
	EndGlobalSection
	GlobalSection(SolutionProperties) = preSolution
		HideSolutionNode = FALSE
	EndGlobalSection
EndGlobal
